// !$*UTF8*$!
{
	archiveVersion = 1;
	classes = {
	};
	objectVersion = 46;
	objects = {

/* Begin PBXBuildFile section */
		1955E6C11A76CF620079DE23 /* SettingViewController.swift in Sources */ = {isa = PBXBuildFile; fileRef = 1955E6C01A76CF620079DE23 /* SettingViewController.swift */; };
		9507D9A91A641C1300B25793 /* Ball.swift in Sources */ = {isa = PBXBuildFile; fileRef = 9507D9A81A641C1300B25793 /* Ball.swift */; };
		9507D9AB1A6420D300B25793 /* Config.swift in Sources */ = {isa = PBXBuildFile; fileRef = 9507D9AA1A6420D300B25793 /* Config.swift */; };
		9507D9AD1A6438B200B25793 /* Avatar.swift in Sources */ = {isa = PBXBuildFile; fileRef = 9507D9AC1A6438B200B25793 /* Avatar.swift */; };
		9507D9AF1A64935900B25793 /* MPCHandler.swift in Sources */ = {isa = PBXBuildFile; fileRef = 9507D9AE1A64935900B25793 /* MPCHandler.swift */; };
		9507D9B11A649B4E00B25793 /* Default-568h@2x.png in Resources */ = {isa = PBXBuildFile; fileRef = 9507D9B01A649B4E00B25793 /* Default-568h@2x.png */; };
		9507D9B31A649BB400B25793 /* Button.swift in Sources */ = {isa = PBXBuildFile; fileRef = 9507D9B21A649BB400B25793 /* Button.swift */; };
		9544665A1A634A1100EF690B /* AppDelegate.swift in Sources */ = {isa = PBXBuildFile; fileRef = 954466591A634A1100EF690B /* AppDelegate.swift */; };
		9544665E1A634A1100EF690B /* GameScene.swift in Sources */ = {isa = PBXBuildFile; fileRef = 9544665D1A634A1100EF690B /* GameScene.swift */; };
		954466601A634A1100EF690B /* GameViewController.swift in Sources */ = {isa = PBXBuildFile; fileRef = 9544665F1A634A1100EF690B /* GameViewController.swift */; };
		954466631A634A1100EF690B /* Main.storyboard in Resources */ = {isa = PBXBuildFile; fileRef = 954466611A634A1100EF690B /* Main.storyboard */; };
		954466651A634A1100EF690B /* Images.xcassets in Resources */ = {isa = PBXBuildFile; fileRef = 954466641A634A1100EF690B /* Images.xcassets */; };
		954466681A634A1100EF690B /* LaunchScreen.xib in Resources */ = {isa = PBXBuildFile; fileRef = 954466661A634A1100EF690B /* LaunchScreen.xib */; };
		954466741A634A1100EF690B /* Beacon3DTests.swift in Sources */ = {isa = PBXBuildFile; fileRef = 954466731A634A1100EF690B /* Beacon3DTests.swift */; };
		9544667E1A634EEF00EF690B /* Extensions.swift in Sources */ = {isa = PBXBuildFile; fileRef = 9544667D1A634EEF00EF690B /* Extensions.swift */; };
		95B308CA1A992944003D54AD /* MainScene.swift in Sources */ = {isa = PBXBuildFile; fileRef = 95B308C91A992944003D54AD /* MainScene.swift */; };
		95BB97BC1AA4F28600548F87 /* ScoreBoard.swift in Sources */ = {isa = PBXBuildFile; fileRef = 95BB97BB1AA4F28600548F87 /* ScoreBoard.swift */; };
		95BB97BE1AA511D400548F87 /* Math.swift in Sources */ = {isa = PBXBuildFile; fileRef = 95BB97BD1AA511D400548F87 /* Math.swift */; };
		95FDAA871A9CF1A300A860BD /* libEstimoteIndoorSDK.a in Frameworks */ = {isa = PBXBuildFile; fileRef = 95FDAA481A9CF1A300A860BD /* libEstimoteIndoorSDK.a */; };
		95FDAA881A9CF1A300A860BD /* 5a.mov in Resources */ = {isa = PBXBuildFile; fileRef = 95FDAA4A1A9CF1A300A860BD /* 5a.mov */; };
		95FDAA891A9CF1A300A860BD /* 5b.mov in Resources */ = {isa = PBXBuildFile; fileRef = 95FDAA4B1A9CF1A300A860BD /* 5b.mov */; };
		95FDAA8A1A9CF1A300A860BD /* 8a.mov in Resources */ = {isa = PBXBuildFile; fileRef = 95FDAA4C1A9CF1A300A860BD /* 8a.mov */; };
		95FDAA8B1A9CF1A300A860BD /* 8b.mov in Resources */ = {isa = PBXBuildFile; fileRef = 95FDAA4D1A9CF1A300A860BD /* 8b.mov */; };
		95FDAA8C1A9CF1A300A860BD /* 8c.mov in Resources */ = {isa = PBXBuildFile; fileRef = 95FDAA4E1A9CF1A300A860BD /* 8c.mov */; };
		95FDAA8D1A9CF1A300A860BD /* 5a_first_frame@2x.png in Resources */ = {isa = PBXBuildFile; fileRef = 95FDAA501A9CF1A300A860BD /* 5a_first_frame@2x.png */; };
		95FDAA8E1A9CF1A300A860BD /* 5b_first_frame@2x.png in Resources */ = {isa = PBXBuildFile; fileRef = 95FDAA511A9CF1A300A860BD /* 5b_first_frame@2x.png */; };
		95FDAA8F1A9CF1A300A860BD /* 8a_first_frame@2x.png in Resources */ = {isa = PBXBuildFile; fileRef = 95FDAA521A9CF1A300A860BD /* 8a_first_frame@2x.png */; };
		95FDAA901A9CF1A300A860BD /* 8b_first_frame@2x.png in Resources */ = {isa = PBXBuildFile; fileRef = 95FDAA531A9CF1A300A860BD /* 8b_first_frame@2x.png */; };
		95FDAA911A9CF1A300A860BD /* 8c_first_frame@2x.png in Resources */ = {isa = PBXBuildFile; fileRef = 95FDAA541A9CF1A300A860BD /* 8c_first_frame@2x.png */; };
		95FDAA921A9CF1A300A860BD /* beacon_grey@2x.png in Resources */ = {isa = PBXBuildFile; fileRef = 95FDAA551A9CF1A300A860BD /* beacon_grey@2x.png */; };
		95FDAA931A9CF1A300A860BD /* beaconblueberry@2x.png in Resources */ = {isa = PBXBuildFile; fileRef = 95FDAA561A9CF1A300A860BD /* beaconblueberry@2x.png */; };
		95FDAA941A9CF1A300A860BD /* beaconBlueberrySmall.png in Resources */ = {isa = PBXBuildFile; fileRef = 95FDAA571A9CF1A300A860BD /* beaconBlueberrySmall.png */; };
		95FDAA951A9CF1A300A860BD /* beaconBlueberrySmall@2x.png in Resources */ = {isa = PBXBuildFile; fileRef = 95FDAA581A9CF1A300A860BD /* beaconBlueberrySmall@2x.png */; };
		95FDAA961A9CF1A300A860BD /* beacongrey@2x.png in Resources */ = {isa = PBXBuildFile; fileRef = 95FDAA591A9CF1A300A860BD /* beacongrey@2x.png */; };
		95FDAA971A9CF1A300A860BD /* beaconGreySmall@2x.png in Resources */ = {isa = PBXBuildFile; fileRef = 95FDAA5A1A9CF1A300A860BD /* beaconGreySmall@2x.png */; };
		95FDAA981A9CF1A300A860BD /* beaconicy@2x.png in Resources */ = {isa = PBXBuildFile; fileRef = 95FDAA5B1A9CF1A300A860BD /* beaconicy@2x.png */; };
		95FDAA991A9CF1A300A860BD /* beaconIcySmall.png in Resources */ = {isa = PBXBuildFile; fileRef = 95FDAA5C1A9CF1A300A860BD /* beaconIcySmall.png */; };
		95FDAA9A1A9CF1A300A860BD /* beaconIcySmall@2x.png in Resources */ = {isa = PBXBuildFile; fileRef = 95FDAA5D1A9CF1A300A860BD /* beaconIcySmall@2x.png */; };
		95FDAA9B1A9CF1A300A860BD /* beaconmint@2x.png in Resources */ = {isa = PBXBuildFile; fileRef = 95FDAA5E1A9CF1A300A860BD /* beaconmint@2x.png */; };
		95FDAA9C1A9CF1A300A860BD /* beaconMintSmall.png in Resources */ = {isa = PBXBuildFile; fileRef = 95FDAA5F1A9CF1A300A860BD /* beaconMintSmall.png */; };
		95FDAA9D1A9CF1A300A860BD /* beaconMintSmall@2x.png in Resources */ = {isa = PBXBuildFile; fileRef = 95FDAA601A9CF1A300A860BD /* beaconMintSmall@2x.png */; };
		95FDAA9E1A9CF1A300A860BD /* indoor_error@2x.png in Resources */ = {isa = PBXBuildFile; fileRef = 95FDAA611A9CF1A300A860BD /* indoor_error@2x.png */; };
		95FDAA9F1A9CF1A300A860BD /* instructions@2x.png in Resources */ = {isa = PBXBuildFile; fileRef = 95FDAA621A9CF1A300A860BD /* instructions@2x.png */; };
		95FDAAA01A9CF1A300A860BD /* navigation_guy@2x.png in Resources */ = {isa = PBXBuildFile; fileRef = 95FDAA631A9CF1A300A860BD /* navigation_guy@2x.png */; };
		95FDAAA11A9CF1A300A860BD /* screen8_beacon_blue@2x.png in Resources */ = {isa = PBXBuildFile; fileRef = 95FDAA641A9CF1A300A860BD /* screen8_beacon_blue@2x.png */; };
		95FDAAA21A9CF1A300A860BD /* screen8_beacon_gray@2x.png in Resources */ = {isa = PBXBuildFile; fileRef = 95FDAA651A9CF1A300A860BD /* screen8_beacon_gray@2x.png */; };
		95FDAAA31A9CF1A300A860BD /* screen8_beacon_gray_trans@2x.png in Resources */ = {isa = PBXBuildFile; fileRef = 95FDAA661A9CF1A300A860BD /* screen8_beacon_gray_trans@2x.png */; };
		95FDAAA41A9CF1A300A860BD /* screen8_beacon_green@2x.png in Resources */ = {isa = PBXBuildFile; fileRef = 95FDAA671A9CF1A300A860BD /* screen8_beacon_green@2x.png */; };
		95FDAAA51A9CF1A300A860BD /* screen8_beacon_purple@2x.png in Resources */ = {isa = PBXBuildFile; fileRef = 95FDAA681A9CF1A300A860BD /* screen8_beacon_purple@2x.png */; };
		95FDAAA61A9CF1A300A860BD /* tick@2x.png in Resources */ = {isa = PBXBuildFile; fileRef = 95FDAA691A9CF1A300A860BD /* tick@2x.png */; };
		95FDAAA71A9CF1A300A860BD /* welcome@2x.png in Resources */ = {isa = PBXBuildFile; fileRef = 95FDAA6A1A9CF1A300A860BD /* welcome@2x.png */; };
		95FDAAA81A9CF1A300A860BD /* SixBeaconsView.xib in Resources */ = {isa = PBXBuildFile; fileRef = 95FDAA6B1A9CF1A300A860BD /* SixBeaconsView.xib */; };
		95FDAAA91A9CF1A300A860BD /* wall_bump.wav in Resources */ = {isa = PBXBuildFile; fileRef = 95FDAA6C1A9CF1A300A860BD /* wall_bump.wav */; };
		95FDAAAA1A9CF1A300A860BD /* libEstimoteSDK.a in Frameworks */ = {isa = PBXBuildFile; fileRef = 95FDAA861A9CF1A300A860BD /* libEstimoteSDK.a */; };
		95FDAAAC1A9CF26400A860BD /* CoreGraphics.framework in Frameworks */ = {isa = PBXBuildFile; fileRef = 95FDAAAB1A9CF26400A860BD /* CoreGraphics.framework */; };
		95FDAAAE1A9CF26F00A860BD /* SystemConfiguration.framework in Frameworks */ = {isa = PBXBuildFile; fileRef = 95FDAAAD1A9CF26F00A860BD /* SystemConfiguration.framework */; };
		95FDAAB01A9CF27800A860BD /* CoreBluetooth.framework in Frameworks */ = {isa = PBXBuildFile; fileRef = 95FDAAAF1A9CF27800A860BD /* CoreBluetooth.framework */; };
		95FDAAB21A9CF27F00A860BD /* CoreLocation.framework in Frameworks */ = {isa = PBXBuildFile; fileRef = 95FDAAB11A9CF27F00A860BD /* CoreLocation.framework */; };
		95FDAAB41A9CF28700A860BD /* CoreMotion.framework in Frameworks */ = {isa = PBXBuildFile; fileRef = 95FDAAB31A9CF28700A860BD /* CoreMotion.framework */; };
		95FDAAB61A9CF28F00A860BD /* AudioToolbox.framework in Frameworks */ = {isa = PBXBuildFile; fileRef = 95FDAAB51A9CF28F00A860BD /* AudioToolbox.framework */; };
		95FDAAB81A9CF29700A860BD /* AVFoundation.framework in Frameworks */ = {isa = PBXBuildFile; fileRef = 95FDAAB71A9CF29700A860BD /* AVFoundation.framework */; };
		95FDAABA1A9CF2A000A860BD /* MediaPlayer.framework in Frameworks */ = {isa = PBXBuildFile; fileRef = 95FDAAB91A9CF2A000A860BD /* MediaPlayer.framework */; };
		95FDAABC1A9CF2AA00A860BD /* MessageUI.framework in Frameworks */ = {isa = PBXBuildFile; fileRef = 95FDAABB1A9CF2AA00A860BD /* MessageUI.framework */; };
/* End PBXBuildFile section */

/* Begin PBXContainerItemProxy section */
		9544666E1A634A1100EF690B /* PBXContainerItemProxy */ = {
			isa = PBXContainerItemProxy;
			containerPortal = 9544664C1A634A1100EF690B /* Project object */;
			proxyType = 1;
			remoteGlobalIDString = 954466531A634A1100EF690B;
			remoteInfo = Beacon3D;
		};
/* End PBXContainerItemProxy section */

/* Begin PBXFileReference section */
		1955E6C01A76CF620079DE23 /* SettingViewController.swift */ = {isa = PBXFileReference; fileEncoding = 4; lastKnownFileType = sourcecode.swift; path = SettingViewController.swift; sourceTree = "<group>"; };
		1955E6C21A76CFC20079DE23 /* Beacon3D-Bridging-Header.h */ = {isa = PBXFileReference; lastKnownFileType = sourcecode.c.h; path = "Beacon3D-Bridging-Header.h"; sourceTree = "<group>"; };
		9507D9A81A641C1300B25793 /* Ball.swift */ = {isa = PBXFileReference; fileEncoding = 4; lastKnownFileType = sourcecode.swift; path = Ball.swift; sourceTree = "<group>"; };
		9507D9AA1A6420D300B25793 /* Config.swift */ = {isa = PBXFileReference; fileEncoding = 4; lastKnownFileType = sourcecode.swift; path = Config.swift; sourceTree = "<group>"; };
		9507D9AC1A6438B200B25793 /* Avatar.swift */ = {isa = PBXFileReference; fileEncoding = 4; lastKnownFileType = sourcecode.swift; path = Avatar.swift; sourceTree = "<group>"; };
		9507D9AE1A64935900B25793 /* MPCHandler.swift */ = {isa = PBXFileReference; fileEncoding = 4; lastKnownFileType = sourcecode.swift; path = MPCHandler.swift; sourceTree = "<group>"; };
		9507D9B01A649B4E00B25793 /* Default-568h@2x.png */ = {isa = PBXFileReference; lastKnownFileType = image.png; path = "Default-568h@2x.png"; sourceTree = "<group>"; };
		9507D9B21A649BB400B25793 /* Button.swift */ = {isa = PBXFileReference; fileEncoding = 4; lastKnownFileType = sourcecode.swift; path = Button.swift; sourceTree = "<group>"; };
		954466541A634A1100EF690B /* Beacon3D.app */ = {isa = PBXFileReference; explicitFileType = wrapper.application; includeInIndex = 0; path = Beacon3D.app; sourceTree = BUILT_PRODUCTS_DIR; };
		954466581A634A1100EF690B /* Info.plist */ = {isa = PBXFileReference; lastKnownFileType = text.plist.xml; path = Info.plist; sourceTree = "<group>"; };
		954466591A634A1100EF690B /* AppDelegate.swift */ = {isa = PBXFileReference; lastKnownFileType = sourcecode.swift; path = AppDelegate.swift; sourceTree = "<group>"; };
		9544665D1A634A1100EF690B /* GameScene.swift */ = {isa = PBXFileReference; lastKnownFileType = sourcecode.swift; path = GameScene.swift; sourceTree = "<group>"; };
		9544665F1A634A1100EF690B /* GameViewController.swift */ = {isa = PBXFileReference; lastKnownFileType = sourcecode.swift; path = GameViewController.swift; sourceTree = "<group>"; };
		954466621A634A1100EF690B /* Base */ = {isa = PBXFileReference; lastKnownFileType = file.storyboard; name = Base; path = Base.lproj/Main.storyboard; sourceTree = "<group>"; };
		954466641A634A1100EF690B /* Images.xcassets */ = {isa = PBXFileReference; lastKnownFileType = folder.assetcatalog; path = Images.xcassets; sourceTree = "<group>"; };
		954466671A634A1100EF690B /* Base */ = {isa = PBXFileReference; lastKnownFileType = file.xib; name = Base; path = Base.lproj/LaunchScreen.xib; sourceTree = "<group>"; };
		9544666D1A634A1100EF690B /* Beacon3DTests.xctest */ = {isa = PBXFileReference; explicitFileType = wrapper.cfbundle; includeInIndex = 0; path = Beacon3DTests.xctest; sourceTree = BUILT_PRODUCTS_DIR; };
		954466721A634A1100EF690B /* Info.plist */ = {isa = PBXFileReference; lastKnownFileType = text.plist.xml; path = Info.plist; sourceTree = "<group>"; };
		954466731A634A1100EF690B /* Beacon3DTests.swift */ = {isa = PBXFileReference; lastKnownFileType = sourcecode.swift; path = Beacon3DTests.swift; sourceTree = "<group>"; };
		9544667D1A634EEF00EF690B /* Extensions.swift */ = {isa = PBXFileReference; fileEncoding = 4; lastKnownFileType = sourcecode.swift; path = Extensions.swift; sourceTree = "<group>"; };
		95B308C91A992944003D54AD /* MainScene.swift */ = {isa = PBXFileReference; fileEncoding = 4; lastKnownFileType = sourcecode.swift; path = MainScene.swift; sourceTree = "<group>"; };
		95BB97BB1AA4F28600548F87 /* ScoreBoard.swift */ = {isa = PBXFileReference; fileEncoding = 4; lastKnownFileType = sourcecode.swift; path = ScoreBoard.swift; sourceTree = "<group>"; };
		95BB97BD1AA511D400548F87 /* Math.swift */ = {isa = PBXFileReference; fileEncoding = 4; lastKnownFileType = sourcecode.swift; path = Math.swift; sourceTree = "<group>"; };
		95FDAA3F1A9CF1A300A860BD /* ESTIndoorLocationManager.h */ = {isa = PBXFileReference; fileEncoding = 4; lastKnownFileType = sourcecode.c.h; path = ESTIndoorLocationManager.h; sourceTree = "<group>"; };
		95FDAA401A9CF1A300A860BD /* ESTIndoorLocationView.h */ = {isa = PBXFileReference; fileEncoding = 4; lastKnownFileType = sourcecode.c.h; path = ESTIndoorLocationView.h; sourceTree = "<group>"; };
		95FDAA411A9CF1A300A860BD /* ESTLocation.h */ = {isa = PBXFileReference; fileEncoding = 4; lastKnownFileType = sourcecode.c.h; path = ESTLocation.h; sourceTree = "<group>"; };
		95FDAA421A9CF1A300A860BD /* ESTLocationBuilder.h */ = {isa = PBXFileReference; fileEncoding = 4; lastKnownFileType = sourcecode.c.h; path = ESTLocationBuilder.h; sourceTree = "<group>"; };
		95FDAA431A9CF1A300A860BD /* ESTLocationLinearObject.h */ = {isa = PBXFileReference; fileEncoding = 4; lastKnownFileType = sourcecode.c.h; path = ESTLocationLinearObject.h; sourceTree = "<group>"; };
		95FDAA441A9CF1A300A860BD /* ESTOrientedLineSegment.h */ = {isa = PBXFileReference; fileEncoding = 4; lastKnownFileType = sourcecode.c.h; path = ESTOrientedLineSegment.h; sourceTree = "<group>"; };
		95FDAA451A9CF1A300A860BD /* ESTOrientedPoint.h */ = {isa = PBXFileReference; fileEncoding = 4; lastKnownFileType = sourcecode.c.h; path = ESTOrientedPoint.h; sourceTree = "<group>"; };
		95FDAA461A9CF1A300A860BD /* ESTPoint.h */ = {isa = PBXFileReference; fileEncoding = 4; lastKnownFileType = sourcecode.c.h; path = ESTPoint.h; sourceTree = "<group>"; };
		95FDAA471A9CF1A300A860BD /* ESTPositionedBeacon.h */ = {isa = PBXFileReference; fileEncoding = 4; lastKnownFileType = sourcecode.c.h; path = ESTPositionedBeacon.h; sourceTree = "<group>"; };
		95FDAA481A9CF1A300A860BD /* libEstimoteIndoorSDK.a */ = {isa = PBXFileReference; lastKnownFileType = archive.ar; path = libEstimoteIndoorSDK.a; sourceTree = "<group>"; };
		95FDAA4A1A9CF1A300A860BD /* 5a.mov */ = {isa = PBXFileReference; lastKnownFileType = video.quicktime; path = 5a.mov; sourceTree = "<group>"; };
		95FDAA4B1A9CF1A300A860BD /* 5b.mov */ = {isa = PBXFileReference; lastKnownFileType = video.quicktime; path = 5b.mov; sourceTree = "<group>"; };
		95FDAA4C1A9CF1A300A860BD /* 8a.mov */ = {isa = PBXFileReference; lastKnownFileType = video.quicktime; path = 8a.mov; sourceTree = "<group>"; };
		95FDAA4D1A9CF1A300A860BD /* 8b.mov */ = {isa = PBXFileReference; lastKnownFileType = video.quicktime; path = 8b.mov; sourceTree = "<group>"; };
		95FDAA4E1A9CF1A300A860BD /* 8c.mov */ = {isa = PBXFileReference; lastKnownFileType = video.quicktime; path = 8c.mov; sourceTree = "<group>"; };
		95FDAA501A9CF1A300A860BD /* 5a_first_frame@2x.png */ = {isa = PBXFileReference; lastKnownFileType = image.png; path = "5a_first_frame@2x.png"; sourceTree = "<group>"; };
		95FDAA511A9CF1A300A860BD /* 5b_first_frame@2x.png */ = {isa = PBXFileReference; lastKnownFileType = image.png; path = "5b_first_frame@2x.png"; sourceTree = "<group>"; };
		95FDAA521A9CF1A300A860BD /* 8a_first_frame@2x.png */ = {isa = PBXFileReference; lastKnownFileType = image.png; path = "8a_first_frame@2x.png"; sourceTree = "<group>"; };
		95FDAA531A9CF1A300A860BD /* 8b_first_frame@2x.png */ = {isa = PBXFileReference; lastKnownFileType = image.png; path = "8b_first_frame@2x.png"; sourceTree = "<group>"; };
		95FDAA541A9CF1A300A860BD /* 8c_first_frame@2x.png */ = {isa = PBXFileReference; lastKnownFileType = image.png; path = "8c_first_frame@2x.png"; sourceTree = "<group>"; };
		95FDAA551A9CF1A300A860BD /* beacon_grey@2x.png */ = {isa = PBXFileReference; lastKnownFileType = image.png; path = "beacon_grey@2x.png"; sourceTree = "<group>"; };
		95FDAA561A9CF1A300A860BD /* beaconblueberry@2x.png */ = {isa = PBXFileReference; lastKnownFileType = image.png; path = "beaconblueberry@2x.png"; sourceTree = "<group>"; };
		95FDAA571A9CF1A300A860BD /* beaconBlueberrySmall.png */ = {isa = PBXFileReference; lastKnownFileType = image.png; path = beaconBlueberrySmall.png; sourceTree = "<group>"; };
		95FDAA581A9CF1A300A860BD /* beaconBlueberrySmall@2x.png */ = {isa = PBXFileReference; lastKnownFileType = image.png; path = "beaconBlueberrySmall@2x.png"; sourceTree = "<group>"; };
		95FDAA591A9CF1A300A860BD /* beacongrey@2x.png */ = {isa = PBXFileReference; lastKnownFileType = image.png; path = "beacongrey@2x.png"; sourceTree = "<group>"; };
		95FDAA5A1A9CF1A300A860BD /* beaconGreySmall@2x.png */ = {isa = PBXFileReference; lastKnownFileType = image.png; path = "beaconGreySmall@2x.png"; sourceTree = "<group>"; };
		95FDAA5B1A9CF1A300A860BD /* beaconicy@2x.png */ = {isa = PBXFileReference; lastKnownFileType = image.png; path = "beaconicy@2x.png"; sourceTree = "<group>"; };
		95FDAA5C1A9CF1A300A860BD /* beaconIcySmall.png */ = {isa = PBXFileReference; lastKnownFileType = image.png; path = beaconIcySmall.png; sourceTree = "<group>"; };
		95FDAA5D1A9CF1A300A860BD /* beaconIcySmall@2x.png */ = {isa = PBXFileReference; lastKnownFileType = image.png; path = "beaconIcySmall@2x.png"; sourceTree = "<group>"; };
		95FDAA5E1A9CF1A300A860BD /* beaconmint@2x.png */ = {isa = PBXFileReference; lastKnownFileType = image.png; path = "beaconmint@2x.png"; sourceTree = "<group>"; };
		95FDAA5F1A9CF1A300A860BD /* beaconMintSmall.png */ = {isa = PBXFileReference; lastKnownFileType = image.png; path = beaconMintSmall.png; sourceTree = "<group>"; };
		95FDAA601A9CF1A300A860BD /* beaconMintSmall@2x.png */ = {isa = PBXFileReference; lastKnownFileType = image.png; path = "beaconMintSmall@2x.png"; sourceTree = "<group>"; };
		95FDAA611A9CF1A300A860BD /* indoor_error@2x.png */ = {isa = PBXFileReference; lastKnownFileType = image.png; path = "indoor_error@2x.png"; sourceTree = "<group>"; };
		95FDAA621A9CF1A300A860BD /* instructions@2x.png */ = {isa = PBXFileReference; lastKnownFileType = image.png; path = "instructions@2x.png"; sourceTree = "<group>"; };
		95FDAA631A9CF1A300A860BD /* navigation_guy@2x.png */ = {isa = PBXFileReference; lastKnownFileType = image.png; path = "navigation_guy@2x.png"; sourceTree = "<group>"; };
		95FDAA641A9CF1A300A860BD /* screen8_beacon_blue@2x.png */ = {isa = PBXFileReference; lastKnownFileType = image.png; path = "screen8_beacon_blue@2x.png"; sourceTree = "<group>"; };
		95FDAA651A9CF1A300A860BD /* screen8_beacon_gray@2x.png */ = {isa = PBXFileReference; lastKnownFileType = image.png; path = "screen8_beacon_gray@2x.png"; sourceTree = "<group>"; };
		95FDAA661A9CF1A300A860BD /* screen8_beacon_gray_trans@2x.png */ = {isa = PBXFileReference; lastKnownFileType = image.png; path = "screen8_beacon_gray_trans@2x.png"; sourceTree = "<group>"; };
		95FDAA671A9CF1A300A860BD /* screen8_beacon_green@2x.png */ = {isa = PBXFileReference; lastKnownFileType = image.png; path = "screen8_beacon_green@2x.png"; sourceTree = "<group>"; };
		95FDAA681A9CF1A300A860BD /* screen8_beacon_purple@2x.png */ = {isa = PBXFileReference; lastKnownFileType = image.png; path = "screen8_beacon_purple@2x.png"; sourceTree = "<group>"; };
		95FDAA691A9CF1A300A860BD /* tick@2x.png */ = {isa = PBXFileReference; lastKnownFileType = image.png; path = "tick@2x.png"; sourceTree = "<group>"; };
		95FDAA6A1A9CF1A300A860BD /* welcome@2x.png */ = {isa = PBXFileReference; lastKnownFileType = image.png; path = "welcome@2x.png"; sourceTree = "<group>"; };
		95FDAA6B1A9CF1A300A860BD /* SixBeaconsView.xib */ = {isa = PBXFileReference; fileEncoding = 4; lastKnownFileType = file.xib; path = SixBeaconsView.xib; sourceTree = "<group>"; };
		95FDAA6C1A9CF1A300A860BD /* wall_bump.wav */ = {isa = PBXFileReference; lastKnownFileType = audio.wav; path = wall_bump.wav; sourceTree = "<group>"; };
		95FDAA6F1A9CF1A300A860BD /* ESTBeacon.h */ = {isa = PBXFileReference; fileEncoding = 4; lastKnownFileType = sourcecode.c.h; path = ESTBeacon.h; sourceTree = "<group>"; };
		95FDAA701A9CF1A300A860BD /* ESTBeaconDefinitions.h */ = {isa = PBXFileReference; fileEncoding = 4; lastKnownFileType = sourcecode.c.h; path = ESTBeaconDefinitions.h; sourceTree = "<group>"; };
		95FDAA711A9CF1A300A860BD /* ESTBeaconFirmwareVO.h */ = {isa = PBXFileReference; fileEncoding = 4; lastKnownFileType = sourcecode.c.h; path = ESTBeaconFirmwareVO.h; sourceTree = "<group>"; };
		95FDAA721A9CF1A300A860BD /* ESTBeaconManager.h */ = {isa = PBXFileReference; fileEncoding = 4; lastKnownFileType = sourcecode.c.h; path = ESTBeaconManager.h; sourceTree = "<group>"; };
		95FDAA731A9CF1A300A860BD /* ESTBeaconRegion.h */ = {isa = PBXFileReference; fileEncoding = 4; lastKnownFileType = sourcecode.c.h; path = ESTBeaconRegion.h; sourceTree = "<group>"; };
		95FDAA741A9CF1A300A860BD /* ESTBeaconUpdateConfig.h */ = {isa = PBXFileReference; fileEncoding = 4; lastKnownFileType = sourcecode.c.h; path = ESTBeaconUpdateConfig.h; sourceTree = "<group>"; };
		95FDAA751A9CF1A300A860BD /* ESTBeaconUpdateInfo.h */ = {isa = PBXFileReference; fileEncoding = 4; lastKnownFileType = sourcecode.c.h; path = ESTBeaconUpdateInfo.h; sourceTree = "<group>"; };
		95FDAA761A9CF1A300A860BD /* ESTBeaconVO.h */ = {isa = PBXFileReference; fileEncoding = 4; lastKnownFileType = sourcecode.c.h; path = ESTBeaconVO.h; sourceTree = "<group>"; };
		95FDAA771A9CF1A300A860BD /* ESTBulkUpdater.h */ = {isa = PBXFileReference; fileEncoding = 4; lastKnownFileType = sourcecode.c.h; path = ESTBulkUpdater.h; sourceTree = "<group>"; };
		95FDAA781A9CF1A300A860BD /* ESTConfig.h */ = {isa = PBXFileReference; fileEncoding = 4; lastKnownFileType = sourcecode.c.h; path = ESTConfig.h; sourceTree = "<group>"; };
		95FDAA791A9CF1A300A860BD /* ESTDateRule.h */ = {isa = PBXFileReference; fileEncoding = 4; lastKnownFileType = sourcecode.c.h; path = ESTDateRule.h; sourceTree = "<group>"; };
		95FDAA7A1A9CF1A300A860BD /* ESTDefinitions.h */ = {isa = PBXFileReference; fileEncoding = 4; lastKnownFileType = sourcecode.c.h; path = ESTDefinitions.h; sourceTree = "<group>"; };
		95FDAA7B1A9CF1A300A860BD /* ESTFirmwareInfoVO.h */ = {isa = PBXFileReference; fileEncoding = 4; lastKnownFileType = sourcecode.c.h; path = ESTFirmwareInfoVO.h; sourceTree = "<group>"; };
		95FDAA7C1A9CF1A300A860BD /* ESTMotionRule.h */ = {isa = PBXFileReference; fileEncoding = 4; lastKnownFileType = sourcecode.c.h; path = ESTMotionRule.h; sourceTree = "<group>"; };
		95FDAA7D1A9CF1A300A860BD /* ESTNearable.h */ = {isa = PBXFileReference; fileEncoding = 4; lastKnownFileType = sourcecode.c.h; path = ESTNearable.h; sourceTree = "<group>"; };
		95FDAA7E1A9CF1A300A860BD /* ESTNearableManager.h */ = {isa = PBXFileReference; fileEncoding = 4; lastKnownFileType = sourcecode.c.h; path = ESTNearableManager.h; sourceTree = "<group>"; };
		95FDAA7F1A9CF1A300A860BD /* ESTNearableRule.h */ = {isa = PBXFileReference; fileEncoding = 4; lastKnownFileType = sourcecode.c.h; path = ESTNearableRule.h; sourceTree = "<group>"; };
		95FDAA801A9CF1A300A860BD /* ESTOrientationRule.h */ = {isa = PBXFileReference; fileEncoding = 4; lastKnownFileType = sourcecode.c.h; path = ESTOrientationRule.h; sourceTree = "<group>"; };
		95FDAA811A9CF1A300A860BD /* ESTProximityRule.h */ = {isa = PBXFileReference; fileEncoding = 4; lastKnownFileType = sourcecode.c.h; path = ESTProximityRule.h; sourceTree = "<group>"; };
		95FDAA821A9CF1A300A860BD /* ESTRule.h */ = {isa = PBXFileReference; fileEncoding = 4; lastKnownFileType = sourcecode.c.h; path = ESTRule.h; sourceTree = "<group>"; };
		95FDAA831A9CF1A300A860BD /* ESTTemperatureRule.h */ = {isa = PBXFileReference; fileEncoding = 4; lastKnownFileType = sourcecode.c.h; path = ESTTemperatureRule.h; sourceTree = "<group>"; };
		95FDAA841A9CF1A300A860BD /* ESTTrigger.h */ = {isa = PBXFileReference; fileEncoding = 4; lastKnownFileType = sourcecode.c.h; path = ESTTrigger.h; sourceTree = "<group>"; };
		95FDAA851A9CF1A300A860BD /* ESTTriggerManager.h */ = {isa = PBXFileReference; fileEncoding = 4; lastKnownFileType = sourcecode.c.h; path = ESTTriggerManager.h; sourceTree = "<group>"; };
		95FDAA861A9CF1A300A860BD /* libEstimoteSDK.a */ = {isa = PBXFileReference; lastKnownFileType = archive.ar; path = libEstimoteSDK.a; sourceTree = "<group>"; };
		95FDAAAB1A9CF26400A860BD /* CoreGraphics.framework */ = {isa = PBXFileReference; lastKnownFileType = wrapper.framework; name = CoreGraphics.framework; path = System/Library/Frameworks/CoreGraphics.framework; sourceTree = SDKROOT; };
		95FDAAAD1A9CF26F00A860BD /* SystemConfiguration.framework */ = {isa = PBXFileReference; lastKnownFileType = wrapper.framework; name = SystemConfiguration.framework; path = System/Library/Frameworks/SystemConfiguration.framework; sourceTree = SDKROOT; };
		95FDAAAF1A9CF27800A860BD /* CoreBluetooth.framework */ = {isa = PBXFileReference; lastKnownFileType = wrapper.framework; name = CoreBluetooth.framework; path = System/Library/Frameworks/CoreBluetooth.framework; sourceTree = SDKROOT; };
		95FDAAB11A9CF27F00A860BD /* CoreLocation.framework */ = {isa = PBXFileReference; lastKnownFileType = wrapper.framework; name = CoreLocation.framework; path = System/Library/Frameworks/CoreLocation.framework; sourceTree = SDKROOT; };
		95FDAAB31A9CF28700A860BD /* CoreMotion.framework */ = {isa = PBXFileReference; lastKnownFileType = wrapper.framework; name = CoreMotion.framework; path = System/Library/Frameworks/CoreMotion.framework; sourceTree = SDKROOT; };
		95FDAAB51A9CF28F00A860BD /* AudioToolbox.framework */ = {isa = PBXFileReference; lastKnownFileType = wrapper.framework; name = AudioToolbox.framework; path = System/Library/Frameworks/AudioToolbox.framework; sourceTree = SDKROOT; };
		95FDAAB71A9CF29700A860BD /* AVFoundation.framework */ = {isa = PBXFileReference; lastKnownFileType = wrapper.framework; name = AVFoundation.framework; path = System/Library/Frameworks/AVFoundation.framework; sourceTree = SDKROOT; };
		95FDAAB91A9CF2A000A860BD /* MediaPlayer.framework */ = {isa = PBXFileReference; lastKnownFileType = wrapper.framework; name = MediaPlayer.framework; path = System/Library/Frameworks/MediaPlayer.framework; sourceTree = SDKROOT; };
		95FDAABB1A9CF2AA00A860BD /* MessageUI.framework */ = {isa = PBXFileReference; lastKnownFileType = wrapper.framework; name = MessageUI.framework; path = System/Library/Frameworks/MessageUI.framework; sourceTree = SDKROOT; };
/* End PBXFileReference section */

/* Begin PBXFrameworksBuildPhase section */
		954466511A634A1100EF690B /* Frameworks */ = {
			isa = PBXFrameworksBuildPhase;
			buildActionMask = 2147483647;
			files = (
				95FDAABC1A9CF2AA00A860BD /* MessageUI.framework in Frameworks */,
				95FDAABA1A9CF2A000A860BD /* MediaPlayer.framework in Frameworks */,
				95FDAAB81A9CF29700A860BD /* AVFoundation.framework in Frameworks */,
				95FDAAB61A9CF28F00A860BD /* AudioToolbox.framework in Frameworks */,
				95FDAAB41A9CF28700A860BD /* CoreMotion.framework in Frameworks */,
				95FDAAB21A9CF27F00A860BD /* CoreLocation.framework in Frameworks */,
				95FDAAB01A9CF27800A860BD /* CoreBluetooth.framework in Frameworks */,
				95FDAAAE1A9CF26F00A860BD /* SystemConfiguration.framework in Frameworks */,
				95FDAAAC1A9CF26400A860BD /* CoreGraphics.framework in Frameworks */,
				95FDAAAA1A9CF1A300A860BD /* libEstimoteSDK.a in Frameworks */,
				95FDAA871A9CF1A300A860BD /* libEstimoteIndoorSDK.a in Frameworks */,
			);
			runOnlyForDeploymentPostprocessing = 0;
		};
		9544666A1A634A1100EF690B /* Frameworks */ = {
			isa = PBXFrameworksBuildPhase;
			buildActionMask = 2147483647;
			files = (
			);
			runOnlyForDeploymentPostprocessing = 0;
		};
/* End PBXFrameworksBuildPhase section */

/* Begin PBXGroup section */
		9544664B1A634A1100EF690B = {
			isa = PBXGroup;
			children = (
				95FDAABB1A9CF2AA00A860BD /* MessageUI.framework */,
				95FDAAB91A9CF2A000A860BD /* MediaPlayer.framework */,
				95FDAAB71A9CF29700A860BD /* AVFoundation.framework */,
				95FDAAB51A9CF28F00A860BD /* AudioToolbox.framework */,
				95FDAAB31A9CF28700A860BD /* CoreMotion.framework */,
				95FDAAB11A9CF27F00A860BD /* CoreLocation.framework */,
				95FDAAAF1A9CF27800A860BD /* CoreBluetooth.framework */,
				95FDAAAD1A9CF26F00A860BD /* SystemConfiguration.framework */,
				95FDAAAB1A9CF26400A860BD /* CoreGraphics.framework */,
				9507D9B01A649B4E00B25793 /* Default-568h@2x.png */,
				954466561A634A1100EF690B /* Beacon3D */,
				954466701A634A1100EF690B /* Beacon3DTests */,
				954466551A634A1100EF690B /* Products */,
			);
			sourceTree = "<group>";
		};
		954466551A634A1100EF690B /* Products */ = {
			isa = PBXGroup;
			children = (
				954466541A634A1100EF690B /* Beacon3D.app */,
				9544666D1A634A1100EF690B /* Beacon3DTests.xctest */,
			);
			name = Products;
			sourceTree = "<group>";
		};
		954466561A634A1100EF690B /* Beacon3D */ = {
			isa = PBXGroup;
			children = (
				954466591A634A1100EF690B /* AppDelegate.swift */,
				95B308C91A992944003D54AD /* MainScene.swift */,
				9544665D1A634A1100EF690B /* GameScene.swift */,
				9544665F1A634A1100EF690B /* GameViewController.swift */,
				1955E6C01A76CF620079DE23 /* SettingViewController.swift */,
				954466611A634A1100EF690B /* Main.storyboard */,
				954466641A634A1100EF690B /* Images.xcassets */,
				954466661A634A1100EF690B /* LaunchScreen.xib */,
				954466571A634A1100EF690B /* Supporting Files */,
				9544667D1A634EEF00EF690B /* Extensions.swift */,
				9507D9A81A641C1300B25793 /* Ball.swift */,
				9507D9AA1A6420D300B25793 /* Config.swift */,
				9507D9AC1A6438B200B25793 /* Avatar.swift */,
				9507D9AE1A64935900B25793 /* MPCHandler.swift */,
				9507D9B21A649BB400B25793 /* Button.swift */,
				1955E6C21A76CFC20079DE23 /* Beacon3D-Bridging-Header.h */,
				95BB97BB1AA4F28600548F87 /* ScoreBoard.swift */,
				95BB97BD1AA511D400548F87 /* Math.swift */,
			);
			path = Beacon3D;
			sourceTree = "<group>";
		};
		954466571A634A1100EF690B /* Supporting Files */ = {
			isa = PBXGroup;
			children = (
				95FDAA3D1A9CF1A300A860BD /* EstimoteIndoorLocationSDK */,
				95FDAA6D1A9CF1A300A860BD /* EstimoteSDK */,
				954466581A634A1100EF690B /* Info.plist */,
			);
			name = "Supporting Files";
			sourceTree = "<group>";
		};
		954466701A634A1100EF690B /* Beacon3DTests */ = {
			isa = PBXGroup;
			children = (
				954466731A634A1100EF690B /* Beacon3DTests.swift */,
				954466711A634A1100EF690B /* Supporting Files */,
			);
			path = Beacon3DTests;
			sourceTree = "<group>";
		};
		954466711A634A1100EF690B /* Supporting Files */ = {
			isa = PBXGroup;
			children = (
				954466721A634A1100EF690B /* Info.plist */,
			);
			name = "Supporting Files";
			sourceTree = "<group>";
		};
		95FDAA3D1A9CF1A300A860BD /* EstimoteIndoorLocationSDK */ = {
			isa = PBXGroup;
			children = (
				95FDAA3E1A9CF1A300A860BD /* Headers */,
				95FDAA481A9CF1A300A860BD /* libEstimoteIndoorSDK.a */,
				95FDAA491A9CF1A300A860BD /* Resources */,
			);
			path = EstimoteIndoorLocationSDK;
			sourceTree = "<group>";
		};
		95FDAA3E1A9CF1A300A860BD /* Headers */ = {
			isa = PBXGroup;
			children = (
				95FDAA3F1A9CF1A300A860BD /* ESTIndoorLocationManager.h */,
				95FDAA401A9CF1A300A860BD /* ESTIndoorLocationView.h */,
				95FDAA411A9CF1A300A860BD /* ESTLocation.h */,
				95FDAA421A9CF1A300A860BD /* ESTLocationBuilder.h */,
				95FDAA431A9CF1A300A860BD /* ESTLocationLinearObject.h */,
				95FDAA441A9CF1A300A860BD /* ESTOrientedLineSegment.h */,
				95FDAA451A9CF1A300A860BD /* ESTOrientedPoint.h */,
				95FDAA461A9CF1A300A860BD /* ESTPoint.h */,
				95FDAA471A9CF1A300A860BD /* ESTPositionedBeacon.h */,
			);
			path = Headers;
			sourceTree = "<group>";
		};
		95FDAA491A9CF1A300A860BD /* Resources */ = {
			isa = PBXGroup;
			children = (
				95FDAA4A1A9CF1A300A860BD /* 5a.mov */,
				95FDAA4B1A9CF1A300A860BD /* 5b.mov */,
				95FDAA4C1A9CF1A300A860BD /* 8a.mov */,
				95FDAA4D1A9CF1A300A860BD /* 8b.mov */,
				95FDAA4E1A9CF1A300A860BD /* 8c.mov */,
				95FDAA4F1A9CF1A300A860BD /* Images */,
				95FDAA6B1A9CF1A300A860BD /* SixBeaconsView.xib */,
				95FDAA6C1A9CF1A300A860BD /* wall_bump.wav */,
			);
			path = Resources;
			sourceTree = "<group>";
		};
		95FDAA4F1A9CF1A300A860BD /* Images */ = {
			isa = PBXGroup;
			children = (
				95FDAA501A9CF1A300A860BD /* 5a_first_frame@2x.png */,
				95FDAA511A9CF1A300A860BD /* 5b_first_frame@2x.png */,
				95FDAA521A9CF1A300A860BD /* 8a_first_frame@2x.png */,
				95FDAA531A9CF1A300A860BD /* 8b_first_frame@2x.png */,
				95FDAA541A9CF1A300A860BD /* 8c_first_frame@2x.png */,
				95FDAA551A9CF1A300A860BD /* beacon_grey@2x.png */,
				95FDAA561A9CF1A300A860BD /* beaconblueberry@2x.png */,
				95FDAA571A9CF1A300A860BD /* beaconBlueberrySmall.png */,
				95FDAA581A9CF1A300A860BD /* beaconBlueberrySmall@2x.png */,
				95FDAA591A9CF1A300A860BD /* beacongrey@2x.png */,
				95FDAA5A1A9CF1A300A860BD /* beaconGreySmall@2x.png */,
				95FDAA5B1A9CF1A300A860BD /* beaconicy@2x.png */,
				95FDAA5C1A9CF1A300A860BD /* beaconIcySmall.png */,
				95FDAA5D1A9CF1A300A860BD /* beaconIcySmall@2x.png */,
				95FDAA5E1A9CF1A300A860BD /* beaconmint@2x.png */,
				95FDAA5F1A9CF1A300A860BD /* beaconMintSmall.png */,
				95FDAA601A9CF1A300A860BD /* beaconMintSmall@2x.png */,
				95FDAA611A9CF1A300A860BD /* indoor_error@2x.png */,
				95FDAA621A9CF1A300A860BD /* instructions@2x.png */,
				95FDAA631A9CF1A300A860BD /* navigation_guy@2x.png */,
				95FDAA641A9CF1A300A860BD /* screen8_beacon_blue@2x.png */,
				95FDAA651A9CF1A300A860BD /* screen8_beacon_gray@2x.png */,
				95FDAA661A9CF1A300A860BD /* screen8_beacon_gray_trans@2x.png */,
				95FDAA671A9CF1A300A860BD /* screen8_beacon_green@2x.png */,
				95FDAA681A9CF1A300A860BD /* screen8_beacon_purple@2x.png */,
				95FDAA691A9CF1A300A860BD /* tick@2x.png */,
				95FDAA6A1A9CF1A300A860BD /* welcome@2x.png */,
			);
			path = Images;
			sourceTree = "<group>";
		};
		95FDAA6D1A9CF1A300A860BD /* EstimoteSDK */ = {
			isa = PBXGroup;
			children = (
				95FDAA6E1A9CF1A300A860BD /* Headers */,
				95FDAA861A9CF1A300A860BD /* libEstimoteSDK.a */,
			);
			path = EstimoteSDK;
			sourceTree = "<group>";
		};
		95FDAA6E1A9CF1A300A860BD /* Headers */ = {
			isa = PBXGroup;
			children = (
				95FDAA6F1A9CF1A300A860BD /* ESTBeacon.h */,
				95FDAA701A9CF1A300A860BD /* ESTBeaconDefinitions.h */,
				95FDAA711A9CF1A300A860BD /* ESTBeaconFirmwareVO.h */,
				95FDAA721A9CF1A300A860BD /* ESTBeaconManager.h */,
				95FDAA731A9CF1A300A860BD /* ESTBeaconRegion.h */,
				95FDAA741A9CF1A300A860BD /* ESTBeaconUpdateConfig.h */,
				95FDAA751A9CF1A300A860BD /* ESTBeaconUpdateInfo.h */,
				95FDAA761A9CF1A300A860BD /* ESTBeaconVO.h */,
				95FDAA771A9CF1A300A860BD /* ESTBulkUpdater.h */,
				95FDAA781A9CF1A300A860BD /* ESTConfig.h */,
				95FDAA791A9CF1A300A860BD /* ESTDateRule.h */,
				95FDAA7A1A9CF1A300A860BD /* ESTDefinitions.h */,
				95FDAA7B1A9CF1A300A860BD /* ESTFirmwareInfoVO.h */,
				95FDAA7C1A9CF1A300A860BD /* ESTMotionRule.h */,
				95FDAA7D1A9CF1A300A860BD /* ESTNearable.h */,
				95FDAA7E1A9CF1A300A860BD /* ESTNearableManager.h */,
				95FDAA7F1A9CF1A300A860BD /* ESTNearableRule.h */,
				95FDAA801A9CF1A300A860BD /* ESTOrientationRule.h */,
				95FDAA811A9CF1A300A860BD /* ESTProximityRule.h */,
				95FDAA821A9CF1A300A860BD /* ESTRule.h */,
				95FDAA831A9CF1A300A860BD /* ESTTemperatureRule.h */,
				95FDAA841A9CF1A300A860BD /* ESTTrigger.h */,
				95FDAA851A9CF1A300A860BD /* ESTTriggerManager.h */,
			);
			path = Headers;
			sourceTree = "<group>";
		};
/* End PBXGroup section */

/* Begin PBXNativeTarget section */
		954466531A634A1100EF690B /* Beacon3D */ = {
			isa = PBXNativeTarget;
			buildConfigurationList = 954466771A634A1100EF690B /* Build configuration list for PBXNativeTarget "Beacon3D" */;
			buildPhases = (
				954466501A634A1100EF690B /* Sources */,
				954466511A634A1100EF690B /* Frameworks */,
				954466521A634A1100EF690B /* Resources */,
			);
			buildRules = (
			);
			dependencies = (
			);
			name = Beacon3D;
			productName = Beacon3D;
			productReference = 954466541A634A1100EF690B /* Beacon3D.app */;
			productType = "com.apple.product-type.application";
		};
		9544666C1A634A1100EF690B /* Beacon3DTests */ = {
			isa = PBXNativeTarget;
			buildConfigurationList = 9544667A1A634A1100EF690B /* Build configuration list for PBXNativeTarget "Beacon3DTests" */;
			buildPhases = (
				954466691A634A1100EF690B /* Sources */,
				9544666A1A634A1100EF690B /* Frameworks */,
				9544666B1A634A1100EF690B /* Resources */,
			);
			buildRules = (
			);
			dependencies = (
				9544666F1A634A1100EF690B /* PBXTargetDependency */,
			);
			name = Beacon3DTests;
			productName = Beacon3DTests;
			productReference = 9544666D1A634A1100EF690B /* Beacon3DTests.xctest */;
			productType = "com.apple.product-type.bundle.unit-test";
		};
/* End PBXNativeTarget section */

/* Begin PBXProject section */
		9544664C1A634A1100EF690B /* Project object */ = {
			isa = PBXProject;
			attributes = {
				LastUpgradeCheck = 0610;
				ORGANIZATIONNAME = "Xu ZHANG";
				TargetAttributes = {
					954466531A634A1100EF690B = {
						CreatedOnToolsVersion = 6.1.1;
					};
					9544666C1A634A1100EF690B = {
						CreatedOnToolsVersion = 6.1.1;
						TestTargetID = 954466531A634A1100EF690B;
					};
				};
			};
			buildConfigurationList = 9544664F1A634A1100EF690B /* Build configuration list for PBXProject "Beacon3D" */;
			compatibilityVersion = "Xcode 3.2";
			developmentRegion = English;
			hasScannedForEncodings = 0;
			knownRegions = (
				en,
				Base,
			);
			mainGroup = 9544664B1A634A1100EF690B;
			productRefGroup = 954466551A634A1100EF690B /* Products */;
			projectDirPath = "";
			projectRoot = "";
			targets = (
				954466531A634A1100EF690B /* Beacon3D */,
				9544666C1A634A1100EF690B /* Beacon3DTests */,
			);
		};
/* End PBXProject section */

/* Begin PBXResourcesBuildPhase section */
		954466521A634A1100EF690B /* Resources */ = {
			isa = PBXResourcesBuildPhase;
			buildActionMask = 2147483647;
			files = (
				95FDAAA61A9CF1A300A860BD /* tick@2x.png in Resources */,
				95FDAA9D1A9CF1A300A860BD /* beaconMintSmall@2x.png in Resources */,
				95FDAAA51A9CF1A300A860BD /* screen8_beacon_purple@2x.png in Resources */,
				95FDAA9C1A9CF1A300A860BD /* beaconMintSmall.png in Resources */,
				95FDAA8F1A9CF1A300A860BD /* 8a_first_frame@2x.png in Resources */,
				95FDAAA11A9CF1A300A860BD /* screen8_beacon_blue@2x.png in Resources */,
				95FDAA921A9CF1A300A860BD /* beacon_grey@2x.png in Resources */,
				95FDAA8E1A9CF1A300A860BD /* 5b_first_frame@2x.png in Resources */,
				95FDAA8B1A9CF1A300A860BD /* 8b.mov in Resources */,
				95FDAAA01A9CF1A300A860BD /* navigation_guy@2x.png in Resources */,
				95FDAA881A9CF1A300A860BD /* 5a.mov in Resources */,
				954466681A634A1100EF690B /* LaunchScreen.xib in Resources */,
				95FDAAA81A9CF1A300A860BD /* SixBeaconsView.xib in Resources */,
				95FDAAA41A9CF1A300A860BD /* screen8_beacon_green@2x.png in Resources */,
				95FDAAA31A9CF1A300A860BD /* screen8_beacon_gray_trans@2x.png in Resources */,
				95FDAA9B1A9CF1A300A860BD /* beaconmint@2x.png in Resources */,
				9507D9B11A649B4E00B25793 /* Default-568h@2x.png in Resources */,
				95FDAA991A9CF1A300A860BD /* beaconIcySmall.png in Resources */,
				95FDAA9E1A9CF1A300A860BD /* indoor_error@2x.png in Resources */,
				95FDAA971A9CF1A300A860BD /* beaconGreySmall@2x.png in Resources */,
				95FDAA931A9CF1A300A860BD /* beaconblueberry@2x.png in Resources */,
				95FDAA911A9CF1A300A860BD /* 8c_first_frame@2x.png in Resources */,
				95FDAA8A1A9CF1A300A860BD /* 8a.mov in Resources */,
				95FDAA941A9CF1A300A860BD /* beaconBlueberrySmall.png in Resources */,
				954466651A634A1100EF690B /* Images.xcassets in Resources */,
				95FDAA961A9CF1A300A860BD /* beacongrey@2x.png in Resources */,
				95FDAA901A9CF1A300A860BD /* 8b_first_frame@2x.png in Resources */,
				954466631A634A1100EF690B /* Main.storyboard in Resources */,
				95FDAAA71A9CF1A300A860BD /* welcome@2x.png in Resources */,
				95FDAA981A9CF1A300A860BD /* beaconicy@2x.png in Resources */,
				95FDAA8D1A9CF1A300A860BD /* 5a_first_frame@2x.png in Resources */,
				95FDAA9A1A9CF1A300A860BD /* beaconIcySmall@2x.png in Resources */,
				95FDAAA91A9CF1A300A860BD /* wall_bump.wav in Resources */,
				95FDAAA21A9CF1A300A860BD /* screen8_beacon_gray@2x.png in Resources */,
				95FDAA951A9CF1A300A860BD /* beaconBlueberrySmall@2x.png in Resources */,
				95FDAA9F1A9CF1A300A860BD /* instructions@2x.png in Resources */,
				95FDAA8C1A9CF1A300A860BD /* 8c.mov in Resources */,
				95FDAA891A9CF1A300A860BD /* 5b.mov in Resources */,
			);
			runOnlyForDeploymentPostprocessing = 0;
		};
		9544666B1A634A1100EF690B /* Resources */ = {
			isa = PBXResourcesBuildPhase;
			buildActionMask = 2147483647;
			files = (
			);
			runOnlyForDeploymentPostprocessing = 0;
		};
/* End PBXResourcesBuildPhase section */

/* Begin PBXSourcesBuildPhase section */
		954466501A634A1100EF690B /* Sources */ = {
			isa = PBXSourcesBuildPhase;
			buildActionMask = 2147483647;
			files = (
				9544665E1A634A1100EF690B /* GameScene.swift in Sources */,
				95BB97BE1AA511D400548F87 /* Math.swift in Sources */,
				95B308CA1A992944003D54AD /* MainScene.swift in Sources */,
				9507D9AF1A64935900B25793 /* MPCHandler.swift in Sources */,
				95BB97BC1AA4F28600548F87 /* ScoreBoard.swift in Sources */,
				954466601A634A1100EF690B /* GameViewController.swift in Sources */,
				9507D9A91A641C1300B25793 /* Ball.swift in Sources */,
				9507D9AD1A6438B200B25793 /* Avatar.swift in Sources */,
				1955E6C11A76CF620079DE23 /* SettingViewController.swift in Sources */,
				9544665A1A634A1100EF690B /* AppDelegate.swift in Sources */,
				9544667E1A634EEF00EF690B /* Extensions.swift in Sources */,
				9507D9B31A649BB400B25793 /* Button.swift in Sources */,
				9507D9AB1A6420D300B25793 /* Config.swift in Sources */,
			);
			runOnlyForDeploymentPostprocessing = 0;
		};
		954466691A634A1100EF690B /* Sources */ = {
			isa = PBXSourcesBuildPhase;
			buildActionMask = 2147483647;
			files = (
				954466741A634A1100EF690B /* Beacon3DTests.swift in Sources */,
			);
			runOnlyForDeploymentPostprocessing = 0;
		};
/* End PBXSourcesBuildPhase section */

/* Begin PBXTargetDependency section */
		9544666F1A634A1100EF690B /* PBXTargetDependency */ = {
			isa = PBXTargetDependency;
			target = 954466531A634A1100EF690B /* Beacon3D */;
			targetProxy = 9544666E1A634A1100EF690B /* PBXContainerItemProxy */;
		};
/* End PBXTargetDependency section */

/* Begin PBXVariantGroup section */
		954466611A634A1100EF690B /* Main.storyboard */ = {
			isa = PBXVariantGroup;
			children = (
				954466621A634A1100EF690B /* Base */,
			);
			name = Main.storyboard;
			sourceTree = "<group>";
		};
		954466661A634A1100EF690B /* LaunchScreen.xib */ = {
			isa = PBXVariantGroup;
			children = (
				954466671A634A1100EF690B /* Base */,
			);
			name = LaunchScreen.xib;
			sourceTree = "<group>";
		};
/* End PBXVariantGroup section */

/* Begin XCBuildConfiguration section */
		954466751A634A1100EF690B /* Debug */ = {
			isa = XCBuildConfiguration;
			buildSettings = {
				ALWAYS_SEARCH_USER_PATHS = NO;
				CLANG_CXX_LANGUAGE_STANDARD = "gnu++0x";
				CLANG_CXX_LIBRARY = "libc++";
				CLANG_ENABLE_MODULES = YES;
				CLANG_ENABLE_OBJC_ARC = YES;
				CLANG_WARN_BOOL_CONVERSION = YES;
				CLANG_WARN_CONSTANT_CONVERSION = YES;
				CLANG_WARN_DIRECT_OBJC_ISA_USAGE = YES_ERROR;
				CLANG_WARN_EMPTY_BODY = YES;
				CLANG_WARN_ENUM_CONVERSION = YES;
				CLANG_WARN_INT_CONVERSION = YES;
				CLANG_WARN_OBJC_ROOT_CLASS = YES_ERROR;
				CLANG_WARN_UNREACHABLE_CODE = YES;
				CLANG_WARN__DUPLICATE_METHOD_MATCH = YES;
				"CODE_SIGN_IDENTITY[sdk=iphoneos*]" = "iPhone Developer";
				COPY_PHASE_STRIP = NO;
				ENABLE_STRICT_OBJC_MSGSEND = YES;
				GCC_C_LANGUAGE_STANDARD = gnu99;
				GCC_DYNAMIC_NO_PIC = NO;
				GCC_OPTIMIZATION_LEVEL = 0;
				GCC_PREPROCESSOR_DEFINITIONS = (
					"DEBUG=1",
					"$(inherited)",
				);
				GCC_SYMBOLS_PRIVATE_EXTERN = NO;
				GCC_WARN_64_TO_32_BIT_CONVERSION = YES;
				GCC_WARN_ABOUT_RETURN_TYPE = YES_ERROR;
				GCC_WARN_UNDECLARED_SELECTOR = YES;
				GCC_WARN_UNINITIALIZED_AUTOS = YES_AGGRESSIVE;
				GCC_WARN_UNUSED_FUNCTION = YES;
				GCC_WARN_UNUSED_VARIABLE = YES;
				IPHONEOS_DEPLOYMENT_TARGET = 8.1;
				MTL_ENABLE_DEBUG_INFO = YES;
				ONLY_ACTIVE_ARCH = YES;
				SDKROOT = iphoneos;
				SWIFT_OPTIMIZATION_LEVEL = "-Onone";
			};
			name = Debug;
		};
		954466761A634A1100EF690B /* Release */ = {
			isa = XCBuildConfiguration;
			buildSettings = {
				ALWAYS_SEARCH_USER_PATHS = NO;
				CLANG_CXX_LANGUAGE_STANDARD = "gnu++0x";
				CLANG_CXX_LIBRARY = "libc++";
				CLANG_ENABLE_MODULES = YES;
				CLANG_ENABLE_OBJC_ARC = YES;
				CLANG_WARN_BOOL_CONVERSION = YES;
				CLANG_WARN_CONSTANT_CONVERSION = YES;
				CLANG_WARN_DIRECT_OBJC_ISA_USAGE = YES_ERROR;
				CLANG_WARN_EMPTY_BODY = YES;
				CLANG_WARN_ENUM_CONVERSION = YES;
				CLANG_WARN_INT_CONVERSION = YES;
				CLANG_WARN_OBJC_ROOT_CLASS = YES_ERROR;
				CLANG_WARN_UNREACHABLE_CODE = YES;
				CLANG_WARN__DUPLICATE_METHOD_MATCH = YES;
				"CODE_SIGN_IDENTITY[sdk=iphoneos*]" = "iPhone Developer";
				COPY_PHASE_STRIP = YES;
				ENABLE_NS_ASSERTIONS = NO;
				ENABLE_STRICT_OBJC_MSGSEND = YES;
				GCC_C_LANGUAGE_STANDARD = gnu99;
				GCC_WARN_64_TO_32_BIT_CONVERSION = YES;
				GCC_WARN_ABOUT_RETURN_TYPE = YES_ERROR;
				GCC_WARN_UNDECLARED_SELECTOR = YES;
				GCC_WARN_UNINITIALIZED_AUTOS = YES_AGGRESSIVE;
				GCC_WARN_UNUSED_FUNCTION = YES;
				GCC_WARN_UNUSED_VARIABLE = YES;
				IPHONEOS_DEPLOYMENT_TARGET = 8.1;
				MTL_ENABLE_DEBUG_INFO = NO;
				SDKROOT = iphoneos;
				VALIDATE_PRODUCT = YES;
			};
			name = Release;
		};
		954466781A634A1100EF690B /* Debug */ = {
			isa = XCBuildConfiguration;
			buildSettings = {
				ASSETCATALOG_COMPILER_APPICON_NAME = AppIcon;
				CLANG_ENABLE_MODULES = YES;
				INFOPLIST_FILE = Beacon3D/Info.plist;
				LD_RUNPATH_SEARCH_PATHS = "$(inherited) @executable_path/Frameworks";
				LIBRARY_SEARCH_PATHS = (
					"$(inherited)",
					"$(PROJECT_DIR)/Beacon3D/EstimoteSDK",
					"$(PROJECT_DIR)/Beacon3D/EstimoteIndoorLocationSDK",
				);
				OTHER_LDFLAGS = "-lc++";
				PRODUCT_NAME = "$(TARGET_NAME)";
				SWIFT_OBJC_BRIDGING_HEADER = "Beacon3D/Beacon3D-Bridging-Header.h";
				SWIFT_OPTIMIZATION_LEVEL = "-Onone";
			};
			name = Debug;
		};
		954466791A634A1100EF690B /* Release */ = {
			isa = XCBuildConfiguration;
			buildSettings = {
				ASSETCATALOG_COMPILER_APPICON_NAME = AppIcon;
				CLANG_ENABLE_MODULES = YES;
				INFOPLIST_FILE = Beacon3D/Info.plist;
				LD_RUNPATH_SEARCH_PATHS = "$(inherited) @executable_path/Frameworks";
				LIBRARY_SEARCH_PATHS = (
					"$(inherited)",
					"$(PROJECT_DIR)/Beacon3D/EstimoteSDK",
					"$(PROJECT_DIR)/Beacon3D/EstimoteIndoorLocationSDK",
				);
				OTHER_LDFLAGS = "-lc++";
				PRODUCT_NAME = "$(TARGET_NAME)";
				SWIFT_OBJC_BRIDGING_HEADER = "Beacon3D/Beacon3D-Bridging-Header.h";
			};
			name = Release;
		};
		9544667B1A634A1100EF690B /* Debug */ = {
			isa = XCBuildConfiguration;
			buildSettings = {
				BUNDLE_LOADER = "$(TEST_HOST)";
				FRAMEWORK_SEARCH_PATHS = (
					"$(SDKROOT)/Developer/Library/Frameworks",
					"$(inherited)",
				);
				GCC_PREPROCESSOR_DEFINITIONS = (
					"DEBUG=1",
					"$(inherited)",
				);
				INFOPLIST_FILE = Beacon3DTests/Info.plist;
				LD_RUNPATH_SEARCH_PATHS = "$(inherited) @executable_path/Frameworks @loader_path/Frameworks";
				PRODUCT_NAME = "$(TARGET_NAME)";
				TEST_HOST = "$(BUILT_PRODUCTS_DIR)/Beacon3D.app/Beacon3D";
			};
			name = Debug;
		};
		9544667C1A634A1100EF690B /* Release */ = {
			isa = XCBuildConfiguration;
			buildSettings = {
				BUNDLE_LOADER = "$(TEST_HOST)";
				FRAMEWORK_SEARCH_PATHS = (
					"$(SDKROOT)/Developer/Library/Frameworks",
					"$(inherited)",
				);
				INFOPLIST_FILE = Beacon3DTests/Info.plist;
				LD_RUNPATH_SEARCH_PATHS = "$(inherited) @executable_path/Frameworks @loader_path/Frameworks";
				PRODUCT_NAME = "$(TARGET_NAME)";
				TEST_HOST = "$(BUILT_PRODUCTS_DIR)/Beacon3D.app/Beacon3D";
			};
			name = Release;
		};
/* End XCBuildConfiguration section */

/* Begin XCConfigurationList section */
		9544664F1A634A1100EF690B /* Build configuration list for PBXProject "Beacon3D" */ = {
			isa = XCConfigurationList;
			buildConfigurations = (
				954466751A634A1100EF690B /* Debug */,
				954466761A634A1100EF690B /* Release */,
			);
			defaultConfigurationIsVisible = 0;
			defaultConfigurationName = Release;
		};
		954466771A634A1100EF690B /* Build configuration list for PBXNativeTarget "Beacon3D" */ = {
			isa = XCConfigurationList;
			buildConfigurations = (
				954466781A634A1100EF690B /* Debug */,
				954466791A634A1100EF690B /* Release */,
			);
			defaultConfigurationIsVisible = 0;
			defaultConfigurationName = Release;
		};
		9544667A1A634A1100EF690B /* Build configuration list for PBXNativeTarget "Beacon3DTests" */ = {
			isa = XCConfigurationList;
			buildConfigurations = (
				9544667B1A634A1100EF690B /* Debug */,
				9544667C1A634A1100EF690B /* Release */,
			);
			defaultConfigurationIsVisible = 0;
			defaultConfigurationName = Release;
		};
/* End XCConfigurationList section */
	};
	rootObject = 9544664C1A634A1100EF690B /* Project object */;
}
